
Microsoft Visual Studio Solution File, Format Version 12.00
# Visual Studio Version 16
VisualStudioVersion = 16.0.31624.102
MinimumVisualStudioVersion = 10.0.40219.1
Project("{9A19103F-16F7-4668-BE54-9A1E7A4F7556}") = "BackendHomework.API", "BackendHomework.API\BackendHomework.API.csproj", "{8D648286-E625-4C60-B840-3A0F4DB3AABA}"
EndProject
Project("{9A19103F-16F7-4668-BE54-9A1E7A4F7556}") = "BackendHomework.Core", "BackendHomework.Core\BackendHomework.Core.csproj", "{DF12D526-27FB-49D4-930E-2D892BC14CD5}"
EndProject
Project("{9A19103F-16F7-4668-BE54-9A1E7A4F7556}") = "BackendHomework.Infrastructure", "BackendHomework.Infrastructure\BackendHomework.Infrastructure.csproj", "{1D6D44C0-CC90-4889-87B8-1B67738670FD}"
EndProject
Project("{2150E333-8FDC-42A3-9474-1A3956D46DE8}") = "Test", "Test", "{AB95E2FD-D8D3-4D56-A1C7-C361F82AC02D}"
EndProject
Project("{FAE04EC0-301F-11D3-BF4B-00C04F79EFBC}") = "UnitTest", "UnitTest\UnitTest.csproj", "{4D44EF25-D794-4549-A45D-22C4DDCE4A09}"
EndProject
Global
	GlobalSection(SolutionConfigurationPlatforms) = preSolution
		Debug|Any CPU = Debug|Any CPU
		Release|Any CPU = Release|Any CPU
	EndGlobalSection
	GlobalSection(ProjectConfigurationPlatforms) = postSolution
		{8D648286-E625-4C60-B840-3A0F4DB3AABA}.Debug|Any CPU.ActiveCfg = Debug|Any CPU
		{8D648286-E625-4C60-B840-3A0F4DB3AABA}.Debug|Any CPU.Build.0 = Debug|Any CPU
		{8D648286-E625-4C60-B840-3A0F4DB3AABA}.Release|Any CPU.ActiveCfg = Release|Any CPU
		{8D648286-E625-4C60-B840-3A0F4DB3AABA}.Release|Any CPU.Build.0 = Release|Any CPU
		{DF12D526-27FB-49D4-930E-2D892BC14CD5}.Debug|Any CPU.ActiveCfg = Debug|Any CPU
		{DF12D526-27FB-49D4-930E-2D892BC14CD5}.Debug|Any CPU.Build.0 = Debug|Any CPU
		{DF12D526-27FB-49D4-930E-2D892BC14CD5}.Release|Any CPU.ActiveCfg = Release|Any CPU
		{DF12D526-27FB-49D4-930E-2D892BC14CD5}.Release|Any CPU.Build.0 = Release|Any CPU
		{1D6D44C0-CC90-4889-87B8-1B67738670FD}.Debug|Any CPU.ActiveCfg = Debug|Any CPU
		{1D6D44C0-CC90-4889-87B8-1B67738670FD}.Debug|Any CPU.Build.0 = Debug|Any CPU
		{1D6D44C0-CC90-4889-87B8-1B67738670FD}.Release|Any CPU.ActiveCfg = Release|Any CPU
		{1D6D44C0-CC90-4889-87B8-1B67738670FD}.Release|Any CPU.Build.0 = Release|Any CPU
		{4D44EF25-D794-4549-A45D-22C4DDCE4A09}.Debug|Any CPU.ActiveCfg = Debug|Any CPU
		{4D44EF25-D794-4549-A45D-22C4DDCE4A09}.Debug|Any CPU.Build.0 = Debug|Any CPU
		{4D44EF25-D794-4549-A45D-22C4DDCE4A09}.Release|Any CPU.ActiveCfg = Release|Any CPU
		{4D44EF25-D794-4549-A45D-22C4DDCE4A09}.Release|Any CPU.Build.0 = Release|Any CPU
	EndGlobalSection
	GlobalSection(SolutionProperties) = preSolution
		HideSolutionNode = FALSE
	EndGlobalSection
	GlobalSection(NestedProjects) = preSolution
		{4D44EF25-D794-4549-A45D-22C4DDCE4A09} = {AB95E2FD-D8D3-4D56-A1C7-C361F82AC02D}
	EndGlobalSection
	GlobalSection(ExtensibilityGlobals) = postSolution
		SolutionGuid = {A9C56F6D-7736-4E1B-853D-1408C36469F3}
	EndGlobalSection
EndGlobal
